
Microsoft Visual Studio Solution File, Format Version 12.00
# Visual Studio 15
Project("{FAE04EC0-301F-11D3-BF4B-00C04F79EFBC}") = "Assembly-CSharp", "Assembly-CSharp.csproj", "{464D9A5C-C4BC-0974-81F5-32A5A41A28AF}"
EndProject
Project("{FAE04EC0-301F-11D3-BF4B-00C04F79EFBC}") = "Assembly-CSharp-Editor", "Assembly-CSharp-Editor.csproj", "{9FDCF331-01ED-14BE-3C65-6F68A943EC60}"
EndProject
Global
	GlobalSection(SolutionConfigurationPlatforms) = preSolution
		Debug|Any CPU = Debug|Any CPU
		Release|Any CPU = Release|Any CPU
	EndGlobalSection
	GlobalSection(ProjectConfigurationPlatforms) = postSolution
		{464D9A5C-C4BC-0974-81F5-32A5A41A28AF}.Debug|Any CPU.ActiveCfg = Debug|Any CPU
		{464D9A5C-C4BC-0974-81F5-32A5A41A28AF}.Debug|Any CPU.Build.0 = Debug|Any CPU
		{464D9A5C-C4BC-0974-81F5-32A5A41A28AF}.Release|Any CPU.ActiveCfg = Release|Any CPU
		{464D9A5C-C4BC-0974-81F5-32A5A41A28AF}.Release|Any CPU.Build.0 = Release|Any CPU
		{9FDCF331-01ED-14BE-3C65-6F68A943EC60}.Debug|Any CPU.ActiveCfg = Debug|Any CPU
		{9FDCF331-01ED-14BE-3C65-6F68A943EC60}.Debug|Any CPU.Build.0 = Debug|Any CPU
		{9FDCF331-01ED-14BE-3C65-6F68A943EC60}.Release|Any CPU.ActiveCfg = Release|Any CPU
		{9FDCF331-01ED-14BE-3C65-6F68A943EC60}.Release|Any CPU.Build.0 = Release|Any CPU
	EndGlobalSection
	GlobalSection(SolutionProperties) = preSolution
		HideSolutionNode = FALSE
	EndGlobalSection
EndGlobal
